
Microsoft Visual Studio Solution File, Format Version 12.00
# Visual Studio Version 17
VisualStudioVersion = 17.9.34607.119
MinimumVisualStudioVersion = 10.0.40219.1
Project("{FAE04EC0-301F-11D3-BF4B-00C04F79EFBC}") = "CelularCTI.Model", "CelularCTI.Model\CelularCTI.Model.csproj", "{FCAE1E28-89CE-47A8-9E43-9648A785F76B}"
EndProject
Project("{FAE04EC0-301F-11D3-BF4B-00C04F79EFBC}") = "CelularCTI.Desktop", "CelularCTI.Desktop\CelularCTI.Desktop.csproj", "{D2D631A1-C762-4F26-AEFD-B719D1DC5338}"
EndProject
Global
	GlobalSection(SolutionConfigurationPlatforms) = preSolution
		Debug|Any CPU = Debug|Any CPU
		Release|Any CPU = Release|Any CPU
	EndGlobalSection
	GlobalSection(ProjectConfigurationPlatforms) = postSolution
		{FCAE1E28-89CE-47A8-9E43-9648A785F76B}.Debug|Any CPU.ActiveCfg = Debug|Any CPU
		{FCAE1E28-89CE-47A8-9E43-9648A785F76B}.Debug|Any CPU.Build.0 = Debug|Any CPU
		{FCAE1E28-89CE-47A8-9E43-9648A785F76B}.Release|Any CPU.ActiveCfg = Release|Any CPU
		{FCAE1E28-89CE-47A8-9E43-9648A785F76B}.Release|Any CPU.Build.0 = Release|Any CPU
		{D2D631A1-C762-4F26-AEFD-B719D1DC5338}.Debug|Any CPU.ActiveCfg = Debug|Any CPU
		{D2D631A1-C762-4F26-AEFD-B719D1DC5338}.Debug|Any CPU.Build.0 = Debug|Any CPU
		{D2D631A1-C762-4F26-AEFD-B719D1DC5338}.Release|Any CPU.ActiveCfg = Release|Any CPU
		{D2D631A1-C762-4F26-AEFD-B719D1DC5338}.Release|Any CPU.Build.0 = Release|Any CPU
	EndGlobalSection
	GlobalSection(SolutionProperties) = preSolution
		HideSolutionNode = FALSE
	EndGlobalSection
	GlobalSection(ExtensibilityGlobals) = postSolution
		SolutionGuid = {9DFA2441-CCB2-48FE-8AF2-5A30BA63D113}
	EndGlobalSection
EndGlobal
